<?xml version="1.0" encoding="utf-8"?>
<Project ToolsVersion="4.0" xmlns="http://schemas.microsoft.com/developer/msbuild/2003">
  <ItemGroup>
    <Filter Include="Source Files">
      <UniqueIdentifier>{4FC737F1-C7A5-4376-A066-2A32D752A2FF}</UniqueIdentifier>
      <Extensions>cpp;c;cc;cxx;c++;cppm;ixx;def;odl;idl;hpj;bat;asm;asmx</Extensions>
    </Filter>
    <Filter Include="Header Files">
      <UniqueIdentifier>{93995380-89BD-4b04-88EB-625FBE52EBFB}</UniqueIdentifier>
      <Extensions>h;hh;hpp;hxx;h++;hm;inl;inc;ipp;xsd</Extensions>
    </Filter>
    <Filter Include="Header Files\Creature">
      <UniqueIdentifier>{c021fba4-e2ca-4f35-976a-464e6c270382}</UniqueIdentifier>
    </Filter>
    <Filter Include="Header Files\Room">
      <UniqueIdentifier>{b4adad92-7fb8-47b6-8464-420ba43ee856}</UniqueIdentifier>
    </Filter>
    <Filter Include="Header Files\Abilitate">
      <UniqueIdentifier>{f33d978c-7db3-4278-8645-874006851883}</UniqueIdentifier>
    </Filter>
    <Filter Include="Header Files\Trap">
      <UniqueIdentifier>{b7c62c6a-7980-4fb9-a8fd-c000c87ea655}</UniqueIdentifier>
    </Filter>
  </ItemGroup>
  <ItemGroup>
    <ClCompile Include="ZJustPlaying.cpp">
      <Filter>Source Files</Filter>
    </ClCompile>
    <ClCompile Include="Dungeon.cpp">
      <Filter>Source Files</Filter>
    </ClCompile>
    <ClCompile Include="IRoom.cpp">
      <Filter>Source Files</Filter>
    </ClCompile>
    <ClCompile Include="Room.cpp">
      <Filter>Source Files</Filter>
    </ClCompile>
    <ClCompile Include="CombatRoom.cpp">
      <Filter>Source Files</Filter>
    </ClCompile>
    <ClCompile Include="TrapRoom.cpp">
      <Filter>Source Files</Filter>
    </ClCompile>
    <ClCompile Include="TreasureRoom.cpp">
      <Filter>Source Files</Filter>
    </ClCompile>
    <ClCompile Include="BossRoom.cpp">
      <Filter>Source Files</Filter>
    </ClCompile>
    <ClCompile Include="ICreature.cpp">
      <Filter>Source Files</Filter>
    </ClCompile>
    <ClCompile Include="Creature.cpp">
      <Filter>Source Files</Filter>
    </ClCompile>
    <ClCompile Include="Player.cpp">
      <Filter>Source Files</Filter>
    </ClCompile>
    <ClCompile Include="Monster.cpp">
      <Filter>Source Files</Filter>
    </ClCompile>
    <ClCompile Include="Schelet.cpp">
      <Filter>Source Files</Filter>
    </ClCompile>
    <ClCompile Include="Dragon.cpp">
      <Filter>Source Files</Filter>
    </ClCompile>
    <ClCompile Include="Inventar.cpp">
      <Filter>Source Files</Filter>
    </ClCompile>
    <ClCompile Include="Abilitate.cpp">
      <Filter>Source Files</Filter>
    </ClCompile>
    <ClCompile Include="Factory_Creature.cpp">
      <Filter>Source Files</Filter>
    </ClCompile>
    <ClCompile Include="Goblin.cpp">
      <Filter>Source Files</Filter>
    </ClCompile>
    <ClCompile Include="Dexteritate.cpp">
      <Filter>Source Files</Filter>
    </ClCompile>
    <ClCompile Include="Putere.cpp">
      <Filter>Source Files</Filter>
    </ClCompile>
    <ClCompile Include="Trap.cpp">
      <Filter>Source Files</Filter>
    </ClCompile>
    <ClCompile Include="GroapaTepi.cpp">
      <Filter>Source Files</Filter>
    </ClCompile>
    <ClCompile Include="SagetiOtravite.cpp">
      <Filter>Source Files</Filter>
    </ClCompile>
    <ClCompile Include="Factory_Abilitati.cpp">
      <Filter>Source Files</Filter>
    </ClCompile>
    <ClCompile Include="Factory_Trap.cpp">
      <Filter>Source Files</Filter>
    </ClCompile>
  </ItemGroup>
  <ItemGroup>
    <ClInclude Include="Dungeon.h">
      <Filter>Header Files</Filter>
    </ClInclude>
    <ClInclude Include="Inventar.h">
      <Filter>Header Files</Filter>
    </ClInclude>
    <ClInclude Include="Creature.h">
      <Filter>Header Files\Creature</Filter>
    </ClInclude>
    <ClInclude Include="Dragon.h">
      <Filter>Header Files\Creature</Filter>
    </ClInclude>
    <ClInclude Include="Monster.h">
      <Filter>Header Files\Creature</Filter>
    </ClInclude>
    <ClInclude Include="Player.h">
      <Filter>Header Files\Creature</Filter>
    </ClInclude>
    <ClInclude Include="Schelet.h">
      <Filter>Header Files\Creature</Filter>
    </ClInclude>
    <ClInclude Include="IRoom.h">
      <Filter>Header Files\Room</Filter>
    </ClInclude>
    <ClInclude Include="Room.h">
      <Filter>Header Files\Room</Filter>
    </ClInclude>
    <ClInclude Include="TrapRoom.h">
      <Filter>Header Files\Room</Filter>
    </ClInclude>
    <ClInclude Include="TreasureRoom.h">
      <Filter>Header Files\Room</Filter>
    </ClInclude>
    <ClInclude Include="BossRoom.h">
      <Filter>Header Files\Room</Filter>
    </ClInclude>
    <ClInclude Include="CombatRoom.h">
      <Filter>Header Files\Room</Filter>
    </ClInclude>
    <ClInclude Include="ICreature.h">
      <Filter>Header Files\Creature</Filter>
    </ClInclude>
    <ClInclude Include="Factory_Creature.h">
      <Filter>Header Files</Filter>
    </ClInclude>
    <ClInclude Include="Goblin.h">
      <Filter>Header Files\Creature</Filter>
    </ClInclude>
    <ClInclude Include="Abilitate.h">
      <Filter>Header Files\Abilitate</Filter>
    </ClInclude>
    <ClInclude Include="Dexteritate.h">
      <Filter>Header Files\Abilitate</Filter>
    </ClInclude>
    <ClInclude Include="Putere.h">
      <Filter>Header Files\Abilitate</Filter>
    </ClInclude>
    <ClInclude Include="Trap.h">
      <Filter>Header Files\Trap</Filter>
    </ClInclude>
    <ClInclude Include="SagetiOtravite.h">
      <Filter>Header Files\Trap</Filter>
    </ClInclude>
    <ClInclude Include="GroapaTepi.h">
      <Filter>Header Files\Trap</Filter>
    </ClInclude>
    <ClInclude Include="Factory_Abilitati.h">
      <Filter>Header Files</Filter>
    </ClInclude>
    <ClInclude Include="Factory_Trap.h">
      <Filter>Header Files</Filter>
    </ClInclude>
  </ItemGroup>
  <ItemGroup>
    <None Include="ClassDiagram.cd" />
  </ItemGroup>
</Project>