<?xml version="1.0" encoding="utf-8"?>
<Project ToolsVersion="4.0" xmlns="http://schemas.microsoft.com/developer/msbuild/2003">
  <ItemGroup>
    <Filter Include="Source Files">
      <UniqueIdentifier>{4FC737F1-C7A5-4376-A066-2A32D752A2FF}</UniqueIdentifier>
      <Extensions>cpp;c;cc;cxx;c++;cppm;ixx;def;odl;idl;hpj;bat;asm;asmx</Extensions>
    </Filter>
    <Filter Include="Header Files">
      <UniqueIdentifier>{93995380-89BD-4b04-88EB-625FBE52EBFB}</UniqueIdentifier>
      <Extensions>h;hh;hpp;hxx;h++;hm;inl;inc;ipp;xsd</Extensions>
    </Filter>
  </ItemGroup>
  <ItemGroup>
    <ClCompile Include="ZJustPlaying.cpp">
      <Filter>Source Files</Filter>
    </ClCompile>
    <ClCompile Include="IObiect.cpp">
      <Filter>Source Files</Filter>
    </ClCompile>
    <ClCompile Include="Obiect.cpp">
      <Filter>Source Files</Filter>
    </ClCompile>
    <ClCompile Include="Bijuterie.cpp">
      <Filter>Source Files</Filter>
    </ClCompile>
    <ClCompile Include="MasinaEpoca.cpp">
      <Filter>Source Files</Filter>
    </ClCompile>
    <ClCompile Include="CartiRare.cpp">
      <Filter>Source Files</Filter>
    </ClCompile>
    <ClCompile Include="Factory_Obiect.cpp">
      <Filter>Source Files</Filter>
    </ClCompile>
    <ClCompile Include="CasaLicitatii.cpp">
      <Filter>Source Files</Filter>
    </ClCompile>
    <ClCompile Include="Timp.cpp">
      <Filter>Source Files</Filter>
    </ClCompile>
    <ClCompile Include="Persoana.cpp">
      <Filter>Source Files</Filter>
    </ClCompile>
    <ClCompile Include="SesiuneLicitatie.cpp">
      <Filter>Source Files</Filter>
    </ClCompile>
    <ClCompile Include="Exceptie.cpp">
      <Filter>Source Files</Filter>
    </ClCompile>
    <ClCompile Include="Depozit.cpp">
      <Filter>Source Files</Filter>
    </ClCompile>
  </ItemGroup>
  <ItemGroup>
    <ClInclude Include="IObiect.h">
      <Filter>Header Files</Filter>
    </ClInclude>
    <ClInclude Include="Obiect.h">
      <Filter>Header Files</Filter>
    </ClInclude>
    <ClInclude Include="Bijuterie.h">
      <Filter>Header Files</Filter>
    </ClInclude>
    <ClInclude Include="MasinaEpoca.h">
      <Filter>Header Files</Filter>
    </ClInclude>
    <ClInclude Include="CartiRare.h">
      <Filter>Header Files</Filter>
    </ClInclude>
    <ClInclude Include="Factory_Obiect.h">
      <Filter>Header Files</Filter>
    </ClInclude>
    <ClInclude Include="CasaLicitatii.h">
      <Filter>Header Files</Filter>
    </ClInclude>
    <ClInclude Include="Timp.h">
      <Filter>Header Files</Filter>
    </ClInclude>
    <ClInclude Include="Persoana.h">
      <Filter>Header Files</Filter>
    </ClInclude>
    <ClInclude Include="SesiuneLicitatie.h">
      <Filter>Header Files</Filter>
    </ClInclude>
    <ClInclude Include="Exceptie.h">
      <Filter>Header Files</Filter>
    </ClInclude>
    <ClInclude Include="Depozit.h">
      <Filter>Header Files</Filter>
    </ClInclude>
  </ItemGroup>
  <ItemGroup>
    <None Include="ClassDiagram.cd" />
  </ItemGroup>
</Project>